
Microsoft Visual Studio Solution File, Format Version 12.00
# Visual Studio Version 16
VisualStudioVersion = 16.0.29102.190
MinimumVisualStudioVersion = 10.0.40219.1
Project("{FAE04EC0-301F-11D3-BF4B-00C04F79EFBC}") = "FizzBuzz", "FizzBuzz\FizzBuzz.csproj", "{EE482EE7-2EF5-4354-A8EF-BEF1861983B5}"
EndProject
Project("{FAE04EC0-301F-11D3-BF4B-00C04F79EFBC}") = "FizzBuzz.Logic", "FizzBuzz.Logic\FizzBuzz.Logic.csproj", "{B0C6ECE2-CF60-4DE9-A233-CAEE07561702}"
EndProject
Project("{FAE04EC0-301F-11D3-BF4B-00C04F79EFBC}") = "FizzBuzz.Logic.Tests", "FizzBuzz.Logic.Tests\FizzBuzz.Logic.Tests.csproj", "{A548676F-C3B5-43C9-8BB8-0F76E10C7AD7}"
EndProject
Global
	GlobalSection(SolutionConfigurationPlatforms) = preSolution
		Debug|Any CPU = Debug|Any CPU
		Release|Any CPU = Release|Any CPU
	EndGlobalSection
	GlobalSection(ProjectConfigurationPlatforms) = postSolution
		{EE482EE7-2EF5-4354-A8EF-BEF1861983B5}.Debug|Any CPU.ActiveCfg = Debug|Any CPU
		{EE482EE7-2EF5-4354-A8EF-BEF1861983B5}.Debug|Any CPU.Build.0 = Debug|Any CPU
		{EE482EE7-2EF5-4354-A8EF-BEF1861983B5}.Release|Any CPU.ActiveCfg = Release|Any CPU
		{EE482EE7-2EF5-4354-A8EF-BEF1861983B5}.Release|Any CPU.Build.0 = Release|Any CPU
		{B0C6ECE2-CF60-4DE9-A233-CAEE07561702}.Debug|Any CPU.ActiveCfg = Debug|Any CPU
		{B0C6ECE2-CF60-4DE9-A233-CAEE07561702}.Debug|Any CPU.Build.0 = Debug|Any CPU
		{B0C6ECE2-CF60-4DE9-A233-CAEE07561702}.Release|Any CPU.ActiveCfg = Release|Any CPU
		{B0C6ECE2-CF60-4DE9-A233-CAEE07561702}.Release|Any CPU.Build.0 = Release|Any CPU
		{A548676F-C3B5-43C9-8BB8-0F76E10C7AD7}.Debug|Any CPU.ActiveCfg = Debug|Any CPU
		{A548676F-C3B5-43C9-8BB8-0F76E10C7AD7}.Debug|Any CPU.Build.0 = Debug|Any CPU
		{A548676F-C3B5-43C9-8BB8-0F76E10C7AD7}.Release|Any CPU.ActiveCfg = Release|Any CPU
		{A548676F-C3B5-43C9-8BB8-0F76E10C7AD7}.Release|Any CPU.Build.0 = Release|Any CPU
	EndGlobalSection
	GlobalSection(SolutionProperties) = preSolution
		HideSolutionNode = FALSE
	EndGlobalSection
	GlobalSection(ExtensibilityGlobals) = postSolution
		SolutionGuid = {7EC2B37B-832C-425B-B962-E11880BB8B17}
	EndGlobalSection
EndGlobal
